{
	"name": "@liquality/bitcoin-rpc-provider",
	"version": "0.5.0",
	"lockfileVersion": 1,
	"requires": true,
	"dependencies": {
		"@babel/runtime": {
			"version": "7.4.3",
			"resolved": "https://registry.npmjs.org/@babel/runtime/-/runtime-7.4.3.tgz",
			"integrity": "sha512-9lsJwJLxDh/T3Q3SZszfWOTkk3pHbkmH+3KY+zwIDmsNlxsumuhS2TH3NIpktU4kNvfzy+k3eLT7aTJSPTo0OA==",
			"requires": {
				"regenerator-runtime": "^0.13.2"
			}
		},
		"@liquality/debug": {
			"version": "0.5.0",
			"resolved": "https://registry.npmjs.org/@liquality/debug/-/debug-0.5.0.tgz",
			"integrity": "sha512-TNe1G4/gRSfxiy6pJzRym6FVGKd3idvTZc383u0CrZf51ECbexfZf1xRbbW9GoD6XYEjpugTexJr7EPpd5NDtw==",
			"requires": {
				"@babel/runtime": "^7.4.3",
				"debug": "^4.1.1"
			}
		},
		"@liquality/errors": {
			"version": "0.5.0",
			"resolved": "https://registry.npmjs.org/@liquality/errors/-/errors-0.5.0.tgz",
			"integrity": "sha512-HXhn+7yF5p5nfyEAZePybUfQSKPK5FOv4pJCXD/qvYh+wvmXUUvVKg5VcaeZKp/OdL9k22TX8j3nGBOOMVNExg==",
			"requires": {
				"@babel/runtime": "^7.4.3",
				"standard-error": "^1.1.0"
			}
		},
		"@liquality/jsonrpc-provider": {
			"version": "0.5.0",
			"resolved": "https://registry.npmjs.org/@liquality/jsonrpc-provider/-/jsonrpc-provider-0.5.0.tgz",
			"integrity": "sha512-PQ2tubJMawu5JpIg9BiZXfBIm5zTLyRji5f5qfaoBN7IX8U5PAfjCpzsR+DoeSm5OCF3PIY3hxfNQE8CgsLYKQ==",
			"requires": {
				"@babel/runtime": "^7.4.3",
				"@liquality/debug": "^0.5.0",
				"@liquality/errors": "^0.5.0",
				"@liquality/provider": "^0.5.0",
				"@liquality/schema": "^0.5.0",
				"axios": "^0.18.0",
				"json-bigint": "^0.3.0",
				"lodash": "^4.17.13"
			}
		},
		"@liquality/provider": {
			"version": "0.5.0",
			"resolved": "https://registry.npmjs.org/@liquality/provider/-/provider-0.5.0.tgz",
			"integrity": "sha512-pmxCdePRvhGw4BnVfJqOy8pF4RAueZVI2kUggrAD5SfBpquKBDNZ6UmnXItJ0p4s8XSDfMg1bKvkC8eC9HJyLA==",
			"requires": {
				"@babel/runtime": "^7.4.3"
			}
		},
		"@liquality/schema": {
			"version": "0.5.0",
			"resolved": "https://registry.npmjs.org/@liquality/schema/-/schema-0.5.0.tgz",
			"integrity": "sha512-2aIklDKme1mvwt9k0X1l6kvJ+NKuWEUq0fs5G51OXHWgJod8soyl/QstDNLs77zdMe7/8eYtyO90Cg0EY4qcrA==",
			"requires": {
				"@babel/runtime": "^7.4.3"
			}
		},
		"@liquality/utils": {
			"version": "0.5.0",
			"resolved": "https://registry.npmjs.org/@liquality/utils/-/utils-0.5.0.tgz",
			"integrity": "sha512-e2OtKd/tAZ6+17nfsEpWfROW7X2F0fKM4uE0/vE7VR+zRV/FcpOl2rgruoJ/XfKAOAepB0xf1QGWx+BqyMGwpw==",
			"requires": {
				"@babel/runtime": "^7.4.3"
			}
		},
		"axios": {
			"version": "0.18.1",
			"resolved": "https://registry.npmjs.org/axios/-/axios-0.18.1.tgz",
			"integrity": "sha512-0BfJq4NSfQXd+SkFdrvFbG7addhYSBA2mQwISr46pD6E5iqkWg02RAs8vyTT/j0RTnoYmeXauBuSv1qKwR179g==",
			"requires": {
				"follow-redirects": "1.5.10",
				"is-buffer": "^2.0.2"
			}
		},
		"bignumber.js": {
			"version": "8.1.1",
			"resolved": "https://registry.npmjs.org/bignumber.js/-/bignumber.js-8.1.1.tgz",
			"integrity": "sha512-QD46ppGintwPGuL1KqmwhR0O+N2cZUg8JG/VzwI2e28sM9TqHjQB10lI4QAaMHVbLzwVLLAwEglpKPViWX+5NQ=="
		},
		"debug": {
			"version": "4.1.1",
			"resolved": "https://registry.npmjs.org/debug/-/debug-4.1.1.tgz",
			"integrity": "sha512-pYAIzeRo8J6KPEaJ0VWOh5Pzkbw/RetuzehGM7QRRX5he4fPHx2rdKMB256ehJCkX+XRQm16eZLqLNS8RSZXZw==",
			"requires": {
				"ms": "^2.1.1"
			}
		},
		"follow-redirects": {
			"version": "1.5.10",
			"resolved": "https://registry.npmjs.org/follow-redirects/-/follow-redirects-1.5.10.tgz",
			"integrity": "sha512-0V5l4Cizzvqt5D44aTXbFZz+FtyXV1vrDN6qrelxtfYQKW0KO0W2T/hkE8xvGa/540LkZlkaUjO4ailYTFtHVQ==",
			"requires": {
				"debug": "=3.1.0"
			},
			"dependencies": {
				"debug": {
					"version": "3.1.0",
					"resolved": "https://registry.npmjs.org/debug/-/debug-3.1.0.tgz",
					"integrity": "sha512-OX8XqP7/1a9cqkxYw2yXss15f26NKWBpDXQd0/uK/KPqdQhxbPa994hnzjcE2VqQpDslf55723cKPUOGSmMY3g==",
					"requires": {
						"ms": "2.0.0"
					}
				},
				"ms": {
					"version": "2.0.0",
					"resolved": "https://registry.npmjs.org/ms/-/ms-2.0.0.tgz",
					"integrity": "sha1-VgiurfwAvmwpAd9fmGF4jeDVl8g="
				}
			}
		},
		"is-buffer": {
			"version": "2.0.4",
			"resolved": "https://registry.npmjs.org/is-buffer/-/is-buffer-2.0.4.tgz",
			"integrity": "sha512-Kq1rokWXOPXWuaMAqZiJW4XxsmD9zGx9q4aePabbn3qCRGedtH7Cm+zV8WETitMfu1wdh+Rvd6w5egwSngUX2A=="
		},
		"json-bigint": {
			"version": "0.3.1",
			"resolved": "https://registry.npmjs.org/json-bigint/-/json-bigint-0.3.1.tgz",
			"integrity": "sha512-DGWnSzmusIreWlEupsUelHrhwmPPE+FiQvg+drKfk2p+bdEYa5mp4PJ8JsCWqae0M2jQNb0HPvnwvf1qOTThzQ==",
			"requires": {
				"bignumber.js": "^9.0.0"
			},
			"dependencies": {
				"bignumber.js": {
					"version": "9.0.0",
					"resolved": "https://registry.npmjs.org/bignumber.js/-/bignumber.js-9.0.0.tgz",
					"integrity": "sha512-t/OYhhJ2SD+YGBQcjY8GzzDHEk9f3nerxjtfa6tlMXfe7frs/WozhvCNoGvpM0P3bNf3Gq5ZRMlGr5f3r4/N8A=="
				}
			}
		},
		"lodash": {
			"version": "4.17.19",
			"resolved": "https://registry.npmjs.org/lodash/-/lodash-4.17.19.tgz",
			"integrity": "sha512-JNvd8XER9GQX0v2qJgsaN/mzFCNA5BRe/j8JN9d+tWyGLSodKQHKFicdwNYzWwI3wjRnaKPsGj1XkBjx/F96DQ=="
		},
		"ms": {
			"version": "2.1.2",
			"resolved": "https://registry.npmjs.org/ms/-/ms-2.1.2.tgz",
			"integrity": "sha512-sGkPx+VjMtmA6MX27oA4FBFELFCZZ4S4XqeGOXCv68tT+jb3vk/RyaKWP0PTKyWtmLSM0b+adUTEvbs1PEaH2w=="
		},
		"regenerator-runtime": {
			"version": "0.13.2",
			"resolved": "https://registry.npmjs.org/regenerator-runtime/-/regenerator-runtime-0.13.2.tgz",
			"integrity": "sha512-S/TQAZJO+D3m9xeN1WTI8dLKBBiRgXBlTJvbWjCThHWZj9EvHK70Ff50/tYj2J/fvBY6JtFVwRuazHN2E7M9BA=="
		},
		"standard-error": {
			"version": "1.1.0",
			"resolved": "https://registry.npmjs.org/standard-error/-/standard-error-1.1.0.tgz",
			"integrity": "sha1-I+UWj6HAggGJ5YEnAaeQWFENDTQ="
		}
	}
}
